Microsoft Visual Studio Solution File, Format Version 12.00
# Visual Studio Version 17
VisualStudioVersion = 17.5.2.0
MinimumVisualStudioVersion = 10.0.40219.1
Project("{2150E333-8FDC-42A3-9474-1A3956D46DE8}") = "WoorkNeedlesBack", "WoorkNeedlesBack", "{2DCC2722-1E64-7DED-3E5B-DA68693BD158}"
EndProject
Project("{FAE04EC0-301F-11D3-BF4B-00C04F79EFBC}") = "Application", "WoorkNeedlesBack\Application\Application.csproj", "{5E494D47-DAA2-2363-24C3-746999ACF422}"
EndProject
Project("{FAE04EC0-301F-11D3-BF4B-00C04F79EFBC}") = "Domain", "WoorkNeedlesBack\Domain\Domain.csproj", "{1D23ABFA-E0CE-DB40-EE35-C728EA3C0783}"
EndProject
Project("{FAE04EC0-301F-11D3-BF4B-00C04F79EFBC}") = "Infraestructure", "WoorkNeedlesBack\Infraestructure\Infraestructure.csproj", "{E2B3A509-8837-2C96-DB2E-B9BA5F7C409E}"
EndProject
Project("{FAE04EC0-301F-11D3-BF4B-00C04F79EFBC}") = "WoorkNeedles", "WoorkNeedlesBack\WoorkNeedles\WoorkNeedles.csproj", "{417FC5CA-9AA4-5709-1A44-CD6BAF0437AF}"
EndProject
Global
	GlobalSection(SolutionConfigurationPlatforms) = preSolution
		Debug|Any CPU = Debug|Any CPU
		Release|Any CPU = Release|Any CPU
	EndGlobalSection
	GlobalSection(ProjectConfigurationPlatforms) = postSolution
		{5E494D47-DAA2-2363-24C3-746999ACF422}.Debug|Any CPU.ActiveCfg = Debug|Any CPU
		{5E494D47-DAA2-2363-24C3-746999ACF422}.Debug|Any CPU.Build.0 = Debug|Any CPU
		{5E494D47-DAA2-2363-24C3-746999ACF422}.Release|Any CPU.ActiveCfg = Release|Any CPU
		{5E494D47-DAA2-2363-24C3-746999ACF422}.Release|Any CPU.Build.0 = Release|Any CPU
		{1D23ABFA-E0CE-DB40-EE35-C728EA3C0783}.Debug|Any CPU.ActiveCfg = Debug|Any CPU
		{1D23ABFA-E0CE-DB40-EE35-C728EA3C0783}.Debug|Any CPU.Build.0 = Debug|Any CPU
		{1D23ABFA-E0CE-DB40-EE35-C728EA3C0783}.Release|Any CPU.ActiveCfg = Release|Any CPU
		{1D23ABFA-E0CE-DB40-EE35-C728EA3C0783}.Release|Any CPU.Build.0 = Release|Any CPU
		{E2B3A509-8837-2C96-DB2E-B9BA5F7C409E}.Debug|Any CPU.ActiveCfg = Debug|Any CPU
		{E2B3A509-8837-2C96-DB2E-B9BA5F7C409E}.Debug|Any CPU.Build.0 = Debug|Any CPU
		{E2B3A509-8837-2C96-DB2E-B9BA5F7C409E}.Release|Any CPU.ActiveCfg = Release|Any CPU
		{E2B3A509-8837-2C96-DB2E-B9BA5F7C409E}.Release|Any CPU.Build.0 = Release|Any CPU
		{417FC5CA-9AA4-5709-1A44-CD6BAF0437AF}.Debug|Any CPU.ActiveCfg = Debug|Any CPU
		{417FC5CA-9AA4-5709-1A44-CD6BAF0437AF}.Debug|Any CPU.Build.0 = Debug|Any CPU
		{417FC5CA-9AA4-5709-1A44-CD6BAF0437AF}.Release|Any CPU.ActiveCfg = Release|Any CPU
		{417FC5CA-9AA4-5709-1A44-CD6BAF0437AF}.Release|Any CPU.Build.0 = Release|Any CPU
	EndGlobalSection
	GlobalSection(SolutionProperties) = preSolution
		HideSolutionNode = FALSE
	EndGlobalSection
	GlobalSection(NestedProjects) = preSolution
		{5E494D47-DAA2-2363-24C3-746999ACF422} = {2DCC2722-1E64-7DED-3E5B-DA68693BD158}
		{1D23ABFA-E0CE-DB40-EE35-C728EA3C0783} = {2DCC2722-1E64-7DED-3E5B-DA68693BD158}
		{E2B3A509-8837-2C96-DB2E-B9BA5F7C409E} = {2DCC2722-1E64-7DED-3E5B-DA68693BD158}
		{417FC5CA-9AA4-5709-1A44-CD6BAF0437AF} = {2DCC2722-1E64-7DED-3E5B-DA68693BD158}
	EndGlobalSection
	GlobalSection(ExtensibilityGlobals) = postSolution
		SolutionGuid = {D9A11C28-1A43-42B2-BBCE-CE8FBD968958}
	EndGlobalSection
EndGlobal
